
Microsoft Visual Studio Solution File, Format Version 12.00
# Visual Studio Version 17
VisualStudioVersion = 17.4.33205.214
MinimumVisualStudioVersion = 10.0.40219.1
Project("{FAE04EC0-301F-11D3-BF4B-00C04F79EFBC}") = "lib1", "lib1\lib1.csproj", "{7617F876-2623-4F3C-94FD-FBC0D96F9793}"
EndProject
Global
	GlobalSection(SolutionConfigurationPlatforms) = preSolution
		Debug|Any CPU = Debug|Any CPU
		Release|Any CPU = Release|Any CPU
	EndGlobalSection
	GlobalSection(ProjectConfigurationPlatforms) = postSolution
		{7617F876-2623-4F3C-94FD-FBC0D96F9793}.Debug|Any CPU.ActiveCfg = Debug|Any CPU
		{7617F876-2623-4F3C-94FD-FBC0D96F9793}.Debug|Any CPU.Build.0 = Debug|Any CPU
		{7617F876-2623-4F3C-94FD-FBC0D96F9793}.Release|Any CPU.ActiveCfg = Release|Any CPU
		{7617F876-2623-4F3C-94FD-FBC0D96F9793}.Release|Any CPU.Build.0 = Release|Any CPU
	EndGlobalSection
	GlobalSection(SolutionProperties) = preSolution
		HideSolutionNode = FALSE
	EndGlobalSection
	GlobalSection(ExtensibilityGlobals) = postSolution
		SolutionGuid = {0375FEB8-4143-43B2-8DD7-1E52623E847B}
	EndGlobalSection
EndGlobal
